
Microsoft Visual Studio Solution File, Format Version 12.00
# Visual Studio Version 16
VisualStudioVersion = 16.0.30907.101
MinimumVisualStudioVersion = 10.0.40219.1
Project("{FAE04EC0-301F-11D3-BF4B-00C04F79EFBC}") = "SF_13.6-2", "SF_13.6-2\SF_13.6-2.csproj", "{49E4077A-AF75-48EA-B5D8-F7D4E303703F}"
EndProject
Global
	GlobalSection(SolutionConfigurationPlatforms) = preSolution
		Debug|Any CPU = Debug|Any CPU
		Release|Any CPU = Release|Any CPU
	EndGlobalSection
	GlobalSection(ProjectConfigurationPlatforms) = postSolution
		{49E4077A-AF75-48EA-B5D8-F7D4E303703F}.Debug|Any CPU.ActiveCfg = Debug|Any CPU
		{49E4077A-AF75-48EA-B5D8-F7D4E303703F}.Debug|Any CPU.Build.0 = Debug|Any CPU
		{49E4077A-AF75-48EA-B5D8-F7D4E303703F}.Release|Any CPU.ActiveCfg = Release|Any CPU
		{49E4077A-AF75-48EA-B5D8-F7D4E303703F}.Release|Any CPU.Build.0 = Release|Any CPU
	EndGlobalSection
	GlobalSection(SolutionProperties) = preSolution
		HideSolutionNode = FALSE
	EndGlobalSection
	GlobalSection(ExtensibilityGlobals) = postSolution
		SolutionGuid = {54C1F139-1A95-4C90-B5F7-363060622172}
	EndGlobalSection
EndGlobal
